
Microsoft Visual Studio Solution File, Format Version 12.00
# Visual Studio Version 17
VisualStudioVersion = 17.14.36212.18 d17.14
MinimumVisualStudioVersion = 10.0.40219.1
Project("{FAE04EC0-301F-11D3-BF4B-00C04F79EFBC}") = "Confusious", "Confusious\Confusious.csproj", "{571BD2A2-25D0-4408-BF82-3F4C2FDEA1B7}"
EndProject
Global
	GlobalSection(SolutionConfigurationPlatforms) = preSolution
		Debug|Any CPU = Debug|Any CPU
		Release|Any CPU = Release|Any CPU
	EndGlobalSection
	GlobalSection(ProjectConfigurationPlatforms) = postSolution
		{571BD2A2-25D0-4408-BF82-3F4C2FDEA1B7}.Debug|Any CPU.ActiveCfg = Debug|Any CPU
		{571BD2A2-25D0-4408-BF82-3F4C2FDEA1B7}.Debug|Any CPU.Build.0 = Debug|Any CPU
		{571BD2A2-25D0-4408-BF82-3F4C2FDEA1B7}.Release|Any CPU.ActiveCfg = Release|Any CPU
		{571BD2A2-25D0-4408-BF82-3F4C2FDEA1B7}.Release|Any CPU.Build.0 = Release|Any CPU
	EndGlobalSection
	GlobalSection(SolutionProperties) = preSolution
		HideSolutionNode = FALSE
	EndGlobalSection
	GlobalSection(ExtensibilityGlobals) = postSolution
		SolutionGuid = {4B4F44CA-9C63-43C1-BA6C-EA6796056D14}
	EndGlobalSection
EndGlobal
